
Microsoft Visual Studio Solution File, Format Version 12.00
# Visual Studio Version 17
VisualStudioVersion = 17.13.35825.156 d17.13
MinimumVisualStudioVersion = 10.0.40219.1
Project("{FAE04EC0-301F-11D3-BF4B-00C04F79EFBC}") = "APBD1", "APBD1\APBD1.csproj", "{31EC9893-D680-4B3A-B78F-5E99AD58FB50}"
EndProject
Global
	GlobalSection(SolutionConfigurationPlatforms) = preSolution
		Debug|Any CPU = Debug|Any CPU
		Release|Any CPU = Release|Any CPU
	EndGlobalSection
	GlobalSection(ProjectConfigurationPlatforms) = postSolution
		{31EC9893-D680-4B3A-B78F-5E99AD58FB50}.Debug|Any CPU.ActiveCfg = Debug|Any CPU
		{31EC9893-D680-4B3A-B78F-5E99AD58FB50}.Debug|Any CPU.Build.0 = Debug|Any CPU
		{31EC9893-D680-4B3A-B78F-5E99AD58FB50}.Release|Any CPU.ActiveCfg = Release|Any CPU
		{31EC9893-D680-4B3A-B78F-5E99AD58FB50}.Release|Any CPU.Build.0 = Release|Any CPU
	EndGlobalSection
	GlobalSection(SolutionProperties) = preSolution
		HideSolutionNode = FALSE
	EndGlobalSection
	GlobalSection(ExtensibilityGlobals) = postSolution
		SolutionGuid = {932FD496-30BE-4E94-A8D6-0CB367F45613}
	EndGlobalSection
EndGlobal
